
Microsoft Visual Studio Solution File, Format Version 12.00
# Visual Studio Version 17
VisualStudioVersion = 17.6.33829.357
MinimumVisualStudioVersion = 10.0.40219.1
Project("{FAE04EC0-301F-11D3-BF4B-00C04F79EFBC}") = "EFCore_DBLibrary", "EFCore_DBLibrary\EFCore_DBLibrary.csproj", "{E8C4A80A-D6FA-4EC6-B271-DF8A80E6B44B}"
EndProject
Project("{FAE04EC0-301F-11D3-BF4B-00C04F79EFBC}") = "EFCore_Activity0201", "EFCore_Activity0201\EFCore_Activity0201.csproj", "{5D2D13E3-6255-4940-A419-099D47DDC18E}"
EndProject
Global
	GlobalSection(SolutionConfigurationPlatforms) = preSolution
		Debug|Any CPU = Debug|Any CPU
		Release|Any CPU = Release|Any CPU
	EndGlobalSection
	GlobalSection(ProjectConfigurationPlatforms) = postSolution
		{E8C4A80A-D6FA-4EC6-B271-DF8A80E6B44B}.Debug|Any CPU.ActiveCfg = Debug|Any CPU
		{E8C4A80A-D6FA-4EC6-B271-DF8A80E6B44B}.Debug|Any CPU.Build.0 = Debug|Any CPU
		{E8C4A80A-D6FA-4EC6-B271-DF8A80E6B44B}.Release|Any CPU.ActiveCfg = Release|Any CPU
		{E8C4A80A-D6FA-4EC6-B271-DF8A80E6B44B}.Release|Any CPU.Build.0 = Release|Any CPU
		{5D2D13E3-6255-4940-A419-099D47DDC18E}.Debug|Any CPU.ActiveCfg = Debug|Any CPU
		{5D2D13E3-6255-4940-A419-099D47DDC18E}.Debug|Any CPU.Build.0 = Debug|Any CPU
		{5D2D13E3-6255-4940-A419-099D47DDC18E}.Release|Any CPU.ActiveCfg = Release|Any CPU
		{5D2D13E3-6255-4940-A419-099D47DDC18E}.Release|Any CPU.Build.0 = Release|Any CPU
	EndGlobalSection
	GlobalSection(SolutionProperties) = preSolution
		HideSolutionNode = FALSE
	EndGlobalSection
	GlobalSection(ExtensibilityGlobals) = postSolution
		SolutionGuid = {CEFD2EA8-D9B4-4640-8A7F-462FE5ED47A7}
	EndGlobalSection
EndGlobal
