
Microsoft Visual Studio Solution File, Format Version 12.00
# Visual Studio Version 17
VisualStudioVersion = 17.6.33829.357
MinimumVisualStudioVersion = 10.0.40219.1
Project("{FAE04EC0-301F-11D3-BF4B-00C04F79EFBC}") = "EFCoreSecondConsoleApp", "EFCoreSecondConsoleApp\EFCoreSecondConsoleApp.csproj", "{4EEF0738-10D9-4882-9342-5E2739B28375}"
EndProject
Global
	GlobalSection(SolutionConfigurationPlatforms) = preSolution
		Debug|Any CPU = Debug|Any CPU
		Release|Any CPU = Release|Any CPU
	EndGlobalSection
	GlobalSection(ProjectConfigurationPlatforms) = postSolution
		{4EEF0738-10D9-4882-9342-5E2739B28375}.Debug|Any CPU.ActiveCfg = Debug|Any CPU
		{4EEF0738-10D9-4882-9342-5E2739B28375}.Debug|Any CPU.Build.0 = Debug|Any CPU
		{4EEF0738-10D9-4882-9342-5E2739B28375}.Release|Any CPU.ActiveCfg = Release|Any CPU
		{4EEF0738-10D9-4882-9342-5E2739B28375}.Release|Any CPU.Build.0 = Release|Any CPU
	EndGlobalSection
	GlobalSection(SolutionProperties) = preSolution
		HideSolutionNode = FALSE
	EndGlobalSection
	GlobalSection(ExtensibilityGlobals) = postSolution
		SolutionGuid = {D5AC8380-6AFE-432E-819F-5806EA23C910}
	EndGlobalSection
EndGlobal
